
Microsoft Visual Studio Solution File, Format Version 12.00
# Visual Studio Version 16
VisualStudioVersion = 16.0.32510.428
MinimumVisualStudioVersion = 10.0.40219.1
Project("{FAE04EC0-301F-11D3-BF4B-00C04F79EFBC}") = "ModbusLib", "ModbusLib.csproj", "{ABEDDBD8-368B-4322-B6E3-168C12A3B38C}"
EndProject
Project("{FAE04EC0-301F-11D3-BF4B-00C04F79EFBC}") = "MobTest", "..\MobTest\MobTest.csproj", "{39A3F354-95A0-4243-B479-B3BC08C37368}"
EndProject
Global
	GlobalSection(SolutionConfigurationPlatforms) = preSolution
		Debug|Any CPU = Debug|Any CPU
		Release|Any CPU = Release|Any CPU
	EndGlobalSection
	GlobalSection(ProjectConfigurationPlatforms) = postSolution
		{ABEDDBD8-368B-4322-B6E3-168C12A3B38C}.Debug|Any CPU.ActiveCfg = Debug|Any CPU
		{ABEDDBD8-368B-4322-B6E3-168C12A3B38C}.Debug|Any CPU.Build.0 = Debug|Any CPU
		{ABEDDBD8-368B-4322-B6E3-168C12A3B38C}.Release|Any CPU.ActiveCfg = Release|Any CPU
		{ABEDDBD8-368B-4322-B6E3-168C12A3B38C}.Release|Any CPU.Build.0 = Release|Any CPU
		{39A3F354-95A0-4243-B479-B3BC08C37368}.Debug|Any CPU.ActiveCfg = Debug|Any CPU
		{39A3F354-95A0-4243-B479-B3BC08C37368}.Debug|Any CPU.Build.0 = Debug|Any CPU
		{39A3F354-95A0-4243-B479-B3BC08C37368}.Release|Any CPU.ActiveCfg = Release|Any CPU
		{39A3F354-95A0-4243-B479-B3BC08C37368}.Release|Any CPU.Build.0 = Release|Any CPU
	EndGlobalSection
	GlobalSection(SolutionProperties) = preSolution
		HideSolutionNode = FALSE
	EndGlobalSection
	GlobalSection(ExtensibilityGlobals) = postSolution
		SolutionGuid = {5B20CB3B-1DD8-429A-A13D-59C30C2FF943}
	EndGlobalSection
EndGlobal
