
Microsoft Visual Studio Solution File, Format Version 12.00
# Visual Studio Version 17
VisualStudioVersion = 17.3.32929.385
MinimumVisualStudioVersion = 10.0.40219.1
Project("{FAE04EC0-301F-11D3-BF4B-00C04F79EFBC}") = "MessageQueuesSimulator", "MessageQueuesSimulator\MessageQueuesSimulator.csproj", "{68E58C1D-7A4B-4F91-8A54-7160CDEAD73B}"
EndProject
Project("{FAE04EC0-301F-11D3-BF4B-00C04F79EFBC}") = "ModbusModule", "ModbusModule\ModbusModule.csproj", "{08339FE7-8828-45B9-8EFC-10E2AB060032}"
EndProject
Project("{FAE04EC0-301F-11D3-BF4B-00C04F79EFBC}") = "ModbusLib", "ModbusLib\ModbusLib.csproj", "{7F98C672-5D4F-431D-9781-2B9B0BA9F3CD}"
EndProject
Project("{FAE04EC0-301F-11D3-BF4B-00C04F79EFBC}") = "MessageQueuesController", "MessageQueuesController\MessageQueuesController.csproj", "{200AABD0-9E7F-4084-BA4B-61DD4AE1EBB6}"
EndProject
Global
	GlobalSection(SolutionConfigurationPlatforms) = preSolution
		Debug|Any CPU = Debug|Any CPU
		Release|Any CPU = Release|Any CPU
	EndGlobalSection
	GlobalSection(ProjectConfigurationPlatforms) = postSolution
		{68E58C1D-7A4B-4F91-8A54-7160CDEAD73B}.Debug|Any CPU.ActiveCfg = Debug|Any CPU
		{68E58C1D-7A4B-4F91-8A54-7160CDEAD73B}.Debug|Any CPU.Build.0 = Debug|Any CPU
		{68E58C1D-7A4B-4F91-8A54-7160CDEAD73B}.Release|Any CPU.ActiveCfg = Release|Any CPU
		{68E58C1D-7A4B-4F91-8A54-7160CDEAD73B}.Release|Any CPU.Build.0 = Release|Any CPU
		{08339FE7-8828-45B9-8EFC-10E2AB060032}.Debug|Any CPU.ActiveCfg = Debug|Any CPU
		{08339FE7-8828-45B9-8EFC-10E2AB060032}.Debug|Any CPU.Build.0 = Debug|Any CPU
		{08339FE7-8828-45B9-8EFC-10E2AB060032}.Release|Any CPU.ActiveCfg = Release|Any CPU
		{08339FE7-8828-45B9-8EFC-10E2AB060032}.Release|Any CPU.Build.0 = Release|Any CPU
		{7F98C672-5D4F-431D-9781-2B9B0BA9F3CD}.Debug|Any CPU.ActiveCfg = Debug|Any CPU
		{7F98C672-5D4F-431D-9781-2B9B0BA9F3CD}.Debug|Any CPU.Build.0 = Debug|Any CPU
		{7F98C672-5D4F-431D-9781-2B9B0BA9F3CD}.Release|Any CPU.ActiveCfg = Release|Any CPU
		{7F98C672-5D4F-431D-9781-2B9B0BA9F3CD}.Release|Any CPU.Build.0 = Release|Any CPU
		{200AABD0-9E7F-4084-BA4B-61DD4AE1EBB6}.Debug|Any CPU.ActiveCfg = Debug|Any CPU
		{200AABD0-9E7F-4084-BA4B-61DD4AE1EBB6}.Debug|Any CPU.Build.0 = Debug|Any CPU
		{200AABD0-9E7F-4084-BA4B-61DD4AE1EBB6}.Release|Any CPU.ActiveCfg = Release|Any CPU
		{200AABD0-9E7F-4084-BA4B-61DD4AE1EBB6}.Release|Any CPU.Build.0 = Release|Any CPU
	EndGlobalSection
	GlobalSection(SolutionProperties) = preSolution
		HideSolutionNode = FALSE
	EndGlobalSection
	GlobalSection(ExtensibilityGlobals) = postSolution
		SolutionGuid = {56F2EF9B-9378-470B-9C0E-D7684C36D9F9}
	EndGlobalSection
EndGlobal
